
Microsoft Visual Studio Solution File, Format Version 12.00
# Visual Studio Version 16
VisualStudioVersion = 16.0.29728.190
MinimumVisualStudioVersion = 10.0.40219.1
Project("{FAE04EC0-301F-11D3-BF4B-00C04F79EFBC}") = "Entidades", "Entidades\Entidades.csproj", "{91DDE0A8-DB72-460F-9E9D-87C68C3E7BA0}"
EndProject
Project("{FAE04EC0-301F-11D3-BF4B-00C04F79EFBC}") = "FrmPrincipal", "FrmPrincipal\FrmPrincipal.csproj", "{92525DF6-7719-4059-8891-626A8D20A026}"
EndProject
Global
	GlobalSection(SolutionConfigurationPlatforms) = preSolution
		Debug|Any CPU = Debug|Any CPU
		Release|Any CPU = Release|Any CPU
	EndGlobalSection
	GlobalSection(ProjectConfigurationPlatforms) = postSolution
		{91DDE0A8-DB72-460F-9E9D-87C68C3E7BA0}.Debug|Any CPU.ActiveCfg = Debug|Any CPU
		{91DDE0A8-DB72-460F-9E9D-87C68C3E7BA0}.Debug|Any CPU.Build.0 = Debug|Any CPU
		{91DDE0A8-DB72-460F-9E9D-87C68C3E7BA0}.Release|Any CPU.ActiveCfg = Release|Any CPU
		{91DDE0A8-DB72-460F-9E9D-87C68C3E7BA0}.Release|Any CPU.Build.0 = Release|Any CPU
		{92525DF6-7719-4059-8891-626A8D20A026}.Debug|Any CPU.ActiveCfg = Debug|Any CPU
		{92525DF6-7719-4059-8891-626A8D20A026}.Debug|Any CPU.Build.0 = Debug|Any CPU
		{92525DF6-7719-4059-8891-626A8D20A026}.Release|Any CPU.ActiveCfg = Release|Any CPU
		{92525DF6-7719-4059-8891-626A8D20A026}.Release|Any CPU.Build.0 = Release|Any CPU
	EndGlobalSection
	GlobalSection(SolutionProperties) = preSolution
		HideSolutionNode = FALSE
	EndGlobalSection
	GlobalSection(ExtensibilityGlobals) = postSolution
		SolutionGuid = {E812DB4F-652F-40F1-8626-C9BC13E64077}
	EndGlobalSection
EndGlobal
